# This file is autogenerated, do not edit; changes may be undone by the next 'dep ensure'.


[[projects]]
  branch = "v2.0.0"
  name = "gopkg.in/fatih/pool.v2"
  packages = ["."]
  revision = "010e0b745d12eaf8426c95f9c3924d81dd0b668f"

[solve-meta]
  analyzer-name = "dep"
  analyzer-version = 1
  inputs-digest = "470e08763b62bf1b3ef2b63df1f8d0c739237bf23b40533a0e1b81cd3d9c8348"
  solver-name = "gps-cdcl"
  solver-version = 1
